// !$*UTF8*$!
{
	archiveVersion = 1;
	classes = {
	};
	objectVersion = 46;
	objects = {

/* Begin PBXBuildFile section */
		CCAD59AD1AD782690023D268 /* AppDelegate.swift in Sources */ = {isa = PBXBuildFile; fileRef = CCAD59AC1AD782690023D268 /* AppDelegate.swift */; };
		CCAD59AF1AD782690023D268 /* ViewController.swift in Sources */ = {isa = PBXBuildFile; fileRef = CCAD59AE1AD782690023D268 /* ViewController.swift */; };
		CCAD59B21AD782690023D268 /* Main.storyboard in Resources */ = {isa = PBXBuildFile; fileRef = CCAD59B01AD782690023D268 /* Main.storyboard */; };
		CCAD59B41AD782690023D268 /* Images.xcassets in Resources */ = {isa = PBXBuildFile; fileRef = CCAD59B31AD782690023D268 /* Images.xcassets */; };
		CCAD59B71AD782690023D268 /* LaunchScreen.xib in Resources */ = {isa = PBXBuildFile; fileRef = CCAD59B51AD782690023D268 /* LaunchScreen.xib */; };
		CCAD59C31AD782690023D268 /* SimpleTableTests.swift in Sources */ = {isa = PBXBuildFile; fileRef = CCAD59C21AD782690023D268 /* SimpleTableTests.swift */; };
/* End PBXBuildFile section */

/* Begin PBXContainerItemProxy section */
		CCAD59BD1AD782690023D268 /* PBXContainerItemProxy */ = {
			isa = PBXContainerItemProxy;
			containerPortal = CCAD599F1AD782690023D268 /* Project object */;
			proxyType = 1;
			remoteGlobalIDString = CCAD59A61AD782690023D268;
			remoteInfo = SimpleTable;
		};
/* End PBXContainerItemProxy section */

/* Begin PBXFileReference section */
		CCAD59A71AD782690023D268 /* SimpleTable.app */ = {isa = PBXFileReference; explicitFileType = wrapper.application; includeInIndex = 0; path = SimpleTable.app; sourceTree = BUILT_PRODUCTS_DIR; };
		CCAD59AB1AD782690023D268 /* Info.plist */ = {isa = PBXFileReference; lastKnownFileType = text.plist.xml; path = Info.plist; sourceTree = "<group>"; };
		CCAD59AC1AD782690023D268 /* AppDelegate.swift */ = {isa = PBXFileReference; lastKnownFileType = sourcecode.swift; path = AppDelegate.swift; sourceTree = "<group>"; };
		CCAD59AE1AD782690023D268 /* ViewController.swift */ = {isa = PBXFileReference; lastKnownFileType = sourcecode.swift; path = ViewController.swift; sourceTree = "<group>"; };
		CCAD59B11AD782690023D268 /* Base */ = {isa = PBXFileReference; lastKnownFileType = file.storyboard; name = Base; path = Base.lproj/Main.storyboard; sourceTree = "<group>"; };
		CCAD59B31AD782690023D268 /* Images.xcassets */ = {isa = PBXFileReference; lastKnownFileType = folder.assetcatalog; path = Images.xcassets; sourceTree = "<group>"; };
		CCAD59B61AD782690023D268 /* Base */ = {isa = PBXFileReference; lastKnownFileType = file.xib; name = Base; path = Base.lproj/LaunchScreen.xib; sourceTree = "<group>"; };
		CCAD59BC1AD782690023D268 /* SimpleTableTests.xctest */ = {isa = PBXFileReference; explicitFileType = wrapper.cfbundle; includeInIndex = 0; path = SimpleTableTests.xctest; sourceTree = BUILT_PRODUCTS_DIR; };
		CCAD59C11AD782690023D268 /* Info.plist */ = {isa = PBXFileReference; lastKnownFileType = text.plist.xml; path = Info.plist; sourceTree = "<group>"; };
		CCAD59C21AD782690023D268 /* SimpleTableTests.swift */ = {isa = PBXFileReference; lastKnownFileType = sourcecode.swift; path = SimpleTableTests.swift; sourceTree = "<group>"; };
/* End PBXFileReference section */

/* Begin PBXFrameworksBuildPhase section */
		CCAD59A41AD782690023D268 /* Frameworks */ = {
			isa = PBXFrameworksBuildPhase;
			buildActionMask = 2147483647;
			files = (
			);
			runOnlyForDeploymentPostprocessing = 0;
		};
		CCAD59B91AD782690023D268 /* Frameworks */ = {
			isa = PBXFrameworksBuildPhase;
			buildActionMask = 2147483647;
			files = (
			);
			runOnlyForDeploymentPostprocessing = 0;
		};
/* End PBXFrameworksBuildPhase section */

/* Begin PBXGroup section */
		CCAD599E1AD782690023D268 = {
			isa = PBXGroup;
			children = (
				CCAD59A91AD782690023D268 /* SimpleTable */,
				CCAD59BF1AD782690023D268 /* SimpleTableTests */,
				CCAD59A81AD782690023D268 /* Products */,
			);
			sourceTree = "<group>";
		};
		CCAD59A81AD782690023D268 /* Products */ = {
			isa = PBXGroup;
			children = (
				CCAD59A71AD782690023D268 /* SimpleTable.app */,
				CCAD59BC1AD782690023D268 /* SimpleTableTests.xctest */,
			);
			name = Products;
			sourceTree = "<group>";
		};
		CCAD59A91AD782690023D268 /* SimpleTable */ = {
			isa = PBXGroup;
			children = (
				CCAD59AC1AD782690023D268 /* AppDelegate.swift */,
				CCAD59AE1AD782690023D268 /* ViewController.swift */,
				CCAD59B01AD782690023D268 /* Main.storyboard */,
				CCAD59B31AD782690023D268 /* Images.xcassets */,
				CCAD59B51AD782690023D268 /* LaunchScreen.xib */,
				CCAD59AA1AD782690023D268 /* Supporting Files */,
			);
			path = SimpleTable;
			sourceTree = "<group>";
		};
		CCAD59AA1AD782690023D268 /* Supporting Files */ = {
			isa = PBXGroup;
			children = (
				CCAD59AB1AD782690023D268 /* Info.plist */,
			);
			name = "Supporting Files";
			sourceTree = "<group>";
		};
		CCAD59BF1AD782690023D268 /* SimpleTableTests */ = {
			isa = PBXGroup;
			children = (
				CCAD59C21AD782690023D268 /* SimpleTableTests.swift */,
				CCAD59C01AD782690023D268 /* Supporting Files */,
			);
			path = SimpleTableTests;
			sourceTree = "<group>";
		};
		CCAD59C01AD782690023D268 /* Supporting Files */ = {
			isa = PBXGroup;
			children = (
				CCAD59C11AD782690023D268 /* Info.plist */,
			);
			name = "Supporting Files";
			sourceTree = "<group>";
		};
/* End PBXGroup section */

/* Begin PBXNativeTarget section */
		CCAD59A61AD782690023D268 /* SimpleTable */ = {
			isa = PBXNativeTarget;
			buildConfigurationList = CCAD59C61AD782690023D268 /* Build configuration list for PBXNativeTarget "SimpleTable" */;
			buildPhases = (
				CCAD59A31AD782690023D268 /* Sources */,
				CCAD59A41AD782690023D268 /* Frameworks */,
				CCAD59A51AD782690023D268 /* Resources */,
			);
			buildRules = (
			);
			dependencies = (
			);
			name = SimpleTable;
			productName = SimpleTable;
			productReference = CCAD59A71AD782690023D268 /* SimpleTable.app */;
			productType = "com.apple.product-type.application";
		};
		CCAD59BB1AD782690023D268 /* SimpleTableTests */ = {
			isa = PBXNativeTarget;
			buildConfigurationList = CCAD59C91AD782690023D268 /* Build configuration list for PBXNativeTarget "SimpleTableTests" */;
			buildPhases = (
				CCAD59B81AD782690023D268 /* Sources */,
				CCAD59B91AD782690023D268 /* Frameworks */,
				CCAD59BA1AD782690023D268 /* Resources */,
			);
			buildRules = (
			);
			dependencies = (
				CCAD59BE1AD782690023D268 /* PBXTargetDependency */,
			);
			name = SimpleTableTests;
			productName = SimpleTableTests;
			productReference = CCAD59BC1AD782690023D268 /* SimpleTableTests.xctest */;
			productType = "com.apple.product-type.bundle.unit-test";
		};
/* End PBXNativeTarget section */

/* Begin PBXProject section */
		CCAD599F1AD782690023D268 /* Project object */ = {
			isa = PBXProject;
			attributes = {
				LastUpgradeCheck = 0630;
				ORGANIZATIONNAME = slidenerd;
				TargetAttributes = {
					CCAD59A61AD782690023D268 = {
						CreatedOnToolsVersion = 6.3;
					};
					CCAD59BB1AD782690023D268 = {
						CreatedOnToolsVersion = 6.3;
						TestTargetID = CCAD59A61AD782690023D268;
					};
				};
			};
			buildConfigurationList = CCAD59A21AD782690023D268 /* Build configuration list for PBXProject "SimpleTable" */;
			compatibilityVersion = "Xcode 3.2";
			developmentRegion = English;
			hasScannedForEncodings = 0;
			knownRegions = (
				en,
				Base,
			);
			mainGroup = CCAD599E1AD782690023D268;
			productRefGroup = CCAD59A81AD782690023D268 /* Products */;
			projectDirPath = "";
			projectRoot = "";
			targets = (
				CCAD59A61AD782690023D268 /* SimpleTable */,
				CCAD59BB1AD782690023D268 /* SimpleTableTests */,
			);
		};
/* End PBXProject section */

/* Begin PBXResourcesBuildPhase section */
		CCAD59A51AD782690023D268 /* Resources */ = {
			isa = PBXResourcesBuildPhase;
			buildActionMask = 2147483647;
			files = (
				CCAD59B21AD782690023D268 /* Main.storyboard in Resources */,
				CCAD59B71AD782690023D268 /* LaunchScreen.xib in Resources */,
				CCAD59B41AD782690023D268 /* Images.xcassets in Resources */,
			);
			runOnlyForDeploymentPostprocessing = 0;
		};
		CCAD59BA1AD782690023D268 /* Resources */ = {
			isa = PBXResourcesBuildPhase;
			buildActionMask = 2147483647;
			files = (
			);
			runOnlyForDeploymentPostprocessing = 0;
		};
/* End PBXResourcesBuildPhase section */

/* Begin PBXSourcesBuildPhase section */
		CCAD59A31AD782690023D268 /* Sources */ = {
			isa = PBXSourcesBuildPhase;
			buildActionMask = 2147483647;
			files = (
				CCAD59AF1AD782690023D268 /* ViewController.swift in Sources */,
				CCAD59AD1AD782690023D268 /* AppDelegate.swift in Sources */,
			);
			runOnlyForDeploymentPostprocessing = 0;
		};
		CCAD59B81AD782690023D268 /* Sources */ = {
			isa = PBXSourcesBuildPhase;
			buildActionMask = 2147483647;
			files = (
				CCAD59C31AD782690023D268 /* SimpleTableTests.swift in Sources */,
			);
			runOnlyForDeploymentPostprocessing = 0;
		};
/* End PBXSourcesBuildPhase section */

/* Begin PBXTargetDependency section */
		CCAD59BE1AD782690023D268 /* PBXTargetDependency */ = {
			isa = PBXTargetDependency;
			target = CCAD59A61AD782690023D268 /* SimpleTable */;
			targetProxy = CCAD59BD1AD782690023D268 /* PBXContainerItemProxy */;
		};
/* End PBXTargetDependency section */

/* Begin PBXVariantGroup section */
		CCAD59B01AD782690023D268 /* Main.storyboard */ = {
			isa = PBXVariantGroup;
			children = (
				CCAD59B11AD782690023D268 /* Base */,
			);
			name = Main.storyboard;
			sourceTree = "<group>";
		};
		CCAD59B51AD782690023D268 /* LaunchScreen.xib */ = {
			isa = PBXVariantGroup;
			children = (
				CCAD59B61AD782690023D268 /* Base */,
			);
			name = LaunchScreen.xib;
			sourceTree = "<group>";
		};
/* End PBXVariantGroup section */

/* Begin XCBuildConfiguration section */
		CCAD59C41AD782690023D268 /* Debug */ = {
			isa = XCBuildConfiguration;
			buildSettings = {
				ALWAYS_SEARCH_USER_PATHS = NO;
				CLANG_CXX_LANGUAGE_STANDARD = "gnu++0x";
				CLANG_CXX_LIBRARY = "libc++";
				CLANG_ENABLE_MODULES = YES;
				CLANG_ENABLE_OBJC_ARC = YES;
				CLANG_WARN_BOOL_CONVERSION = YES;
				CLANG_WARN_CONSTANT_CONVERSION = YES;
				CLANG_WARN_DIRECT_OBJC_ISA_USAGE = YES_ERROR;
				CLANG_WARN_EMPTY_BODY = YES;
				CLANG_WARN_ENUM_CONVERSION = YES;
				CLANG_WARN_INT_CONVERSION = YES;
				CLANG_WARN_OBJC_ROOT_CLASS = YES_ERROR;
				CLANG_WARN_UNREACHABLE_CODE = YES;
				CLANG_WARN__DUPLICATE_METHOD_MATCH = YES;
				"CODE_SIGN_IDENTITY[sdk=iphoneos*]" = "iPhone Developer";
				COPY_PHASE_STRIP = NO;
				DEBUG_INFORMATION_FORMAT = "dwarf-with-dsym";
				ENABLE_STRICT_OBJC_MSGSEND = YES;
				GCC_C_LANGUAGE_STANDARD = gnu99;
				GCC_DYNAMIC_NO_PIC = NO;
				GCC_NO_COMMON_BLOCKS = YES;
				GCC_OPTIMIZATION_LEVEL = 0;
				GCC_PREPROCESSOR_DEFINITIONS = (
					"DEBUG=1",
					"$(inherited)",
				);
				GCC_SYMBOLS_PRIVATE_EXTERN = NO;
				GCC_WARN_64_TO_32_BIT_CONVERSION = YES;
				GCC_WARN_ABOUT_RETURN_TYPE = YES_ERROR;
				GCC_WARN_UNDECLARED_SELECTOR = YES;
				GCC_WARN_UNINITIALIZED_AUTOS = YES_AGGRESSIVE;
				GCC_WARN_UNUSED_FUNCTION = YES;
				GCC_WARN_UNUSED_VARIABLE = YES;
				IPHONEOS_DEPLOYMENT_TARGET = 8.3;
				MTL_ENABLE_DEBUG_INFO = YES;
				ONLY_ACTIVE_ARCH = YES;
				SDKROOT = iphoneos;
				SWIFT_OPTIMIZATION_LEVEL = "-Onone";
				TARGETED_DEVICE_FAMILY = "1,2";
			};
			name = Debug;
		};
		CCAD59C51AD782690023D268 /* Release */ = {
			isa = XCBuildConfiguration;
			buildSettings = {
				ALWAYS_SEARCH_USER_PATHS = NO;
				CLANG_CXX_LANGUAGE_STANDARD = "gnu++0x";
				CLANG_CXX_LIBRARY = "libc++";
				CLANG_ENABLE_MODULES = YES;
				CLANG_ENABLE_OBJC_ARC = YES;
				CLANG_WARN_BOOL_CONVERSION = YES;
				CLANG_WARN_CONSTANT_CONVERSION = YES;
				CLANG_WARN_DIRECT_OBJC_ISA_USAGE = YES_ERROR;
				CLANG_WARN_EMPTY_BODY = YES;
				CLANG_WARN_ENUM_CONVERSION = YES;
				CLANG_WARN_INT_CONVERSION = YES;
				CLANG_WARN_OBJC_ROOT_CLASS = YES_ERROR;
				CLANG_WARN_UNREACHABLE_CODE = YES;
				CLANG_WARN__DUPLICATE_METHOD_MATCH = YES;
				"CODE_SIGN_IDENTITY[sdk=iphoneos*]" = "iPhone Developer";
				COPY_PHASE_STRIP = NO;
				DEBUG_INFORMATION_FORMAT = "dwarf-with-dsym";
				ENABLE_NS_ASSERTIONS = NO;
				ENABLE_STRICT_OBJC_MSGSEND = YES;
				GCC_C_LANGUAGE_STANDARD = gnu99;
				GCC_NO_COMMON_BLOCKS = YES;
				GCC_WARN_64_TO_32_BIT_CONVERSION = YES;
				GCC_WARN_ABOUT_RETURN_TYPE = YES_ERROR;
				GCC_WARN_UNDECLARED_SELECTOR = YES;
				GCC_WARN_UNINITIALIZED_AUTOS = YES_AGGRESSIVE;
				GCC_WARN_UNUSED_FUNCTION = YES;
				GCC_WARN_UNUSED_VARIABLE = YES;
				IPHONEOS_DEPLOYMENT_TARGET = 8.3;
				MTL_ENABLE_DEBUG_INFO = NO;
				SDKROOT = iphoneos;
				TARGETED_DEVICE_FAMILY = "1,2";
				VALIDATE_PRODUCT = YES;
			};
			name = Release;
		};
		CCAD59C71AD782690023D268 /* Debug */ = {
			isa = XCBuildConfiguration;
			buildSettings = {
				ASSETCATALOG_COMPILER_APPICON_NAME = AppIcon;
				INFOPLIST_FILE = SimpleTable/Info.plist;
				LD_RUNPATH_SEARCH_PATHS = "$(inherited) @executable_path/Frameworks";
				PRODUCT_NAME = "$(TARGET_NAME)";
			};
			name = Debug;
		};
		CCAD59C81AD782690023D268 /* Release */ = {
			isa = XCBuildConfiguration;
			buildSettings = {
				ASSETCATALOG_COMPILER_APPICON_NAME = AppIcon;
				INFOPLIST_FILE = SimpleTable/Info.plist;
				LD_RUNPATH_SEARCH_PATHS = "$(inherited) @executable_path/Frameworks";
				PRODUCT_NAME = "$(TARGET_NAME)";
			};
			name = Release;
		};
		CCAD59CA1AD782690023D268 /* Debug */ = {
			isa = XCBuildConfiguration;
			buildSettings = {
				BUNDLE_LOADER = "$(TEST_HOST)";
				FRAMEWORK_SEARCH_PATHS = (
					"$(SDKROOT)/Developer/Library/Frameworks",
					"$(inherited)",
				);
				GCC_PREPROCESSOR_DEFINITIONS = (
					"DEBUG=1",
					"$(inherited)",
				);
				INFOPLIST_FILE = SimpleTableTests/Info.plist;
				LD_RUNPATH_SEARCH_PATHS = "$(inherited) @executable_path/Frameworks @loader_path/Frameworks";
				PRODUCT_NAME = "$(TARGET_NAME)";
				TEST_HOST = "$(BUILT_PRODUCTS_DIR)/SimpleTable.app/SimpleTable";
			};
			name = Debug;
		};
		CCAD59CB1AD782690023D268 /* Release */ = {
			isa = XCBuildConfiguration;
			buildSettings = {
				BUNDLE_LOADER = "$(TEST_HOST)";
				FRAMEWORK_SEARCH_PATHS = (
					"$(SDKROOT)/Developer/Library/Frameworks",
					"$(inherited)",
				);
				INFOPLIST_FILE = SimpleTableTests/Info.plist;
				LD_RUNPATH_SEARCH_PATHS = "$(inherited) @executable_path/Frameworks @loader_path/Frameworks";
				PRODUCT_NAME = "$(TARGET_NAME)";
				TEST_HOST = "$(BUILT_PRODUCTS_DIR)/SimpleTable.app/SimpleTable";
			};
			name = Release;
		};
/* End XCBuildConfiguration section */

/* Begin XCConfigurationList section */
		CCAD59A21AD782690023D268 /* Build configuration list for PBXProject "SimpleTable" */ = {
			isa = XCConfigurationList;
			buildConfigurations = (
				CCAD59C41AD782690023D268 /* Debug */,
				CCAD59C51AD782690023D268 /* Release */,
			);
			defaultConfigurationIsVisible = 0;
			defaultConfigurationName = Release;
		};
		CCAD59C61AD782690023D268 /* Build configuration list for PBXNativeTarget "SimpleTable" */ = {
			isa = XCConfigurationList;
			buildConfigurations = (
				CCAD59C71AD782690023D268 /* Debug */,
				CCAD59C81AD782690023D268 /* Release */,
			);
			defaultConfigurationIsVisible = 0;
		};
		CCAD59C91AD782690023D268 /* Build configuration list for PBXNativeTarget "SimpleTableTests" */ = {
			isa = XCConfigurationList;
			buildConfigurations = (
				CCAD59CA1AD782690023D268 /* Debug */,
				CCAD59CB1AD782690023D268 /* Release */,
			);
			defaultConfigurationIsVisible = 0;
		};
/* End XCConfigurationList section */
	};
	rootObject = CCAD599F1AD782690023D268 /* Project object */;
}
